{
  "requires": true,
  "lockfileVersion": 1,
  "dependencies": {
    "weather-emoji": {
      "version": "1.2.0",
      "resolved": "https://registry.npmjs.org/weather-emoji/-/weather-emoji-1.2.0.tgz",
      "integrity": "sha512-m/jLzb7XVmsa7Ot3w0/qXAzxpYA7VWFRpu8aG7MQassSPdC/Fg91NSljVheJCYlL8c/JUf/GVkCTFLFjHhbrEg==",
      "dev": true
    }
  }
}
